
Microsoft Visual Studio Solution File, Format Version 12.00
Project("{FAE04EC0-301F-11D3-BF4B-00C04F79EFBC}") = "BookStore.Domain", "BookStore.Domain\BookStore.Domain.csproj", "{B8662C7E-872A-4913-8CF9-F357CD9F7446}"
EndProject
Project("{FAE04EC0-301F-11D3-BF4B-00C04F79EFBC}") = "BookStore.Data", "BookStore.Data\BookStore.Data.csproj", "{D7A307DB-6A46-4BDC-9BF3-56B49E4F9B64}"
EndProject
Project("{FAE04EC0-301F-11D3-BF4B-00C04F79EFBC}") = "BookStore.Service", "BookStore.Service\BookStore.Service.csproj", "{622AEF4D-24A9-431D-9EAE-BDA1F63FEB72}"
EndProject
Project("{FAE04EC0-301F-11D3-BF4B-00C04F79EFBC}") = "BookStore.Api", "BookStore.Api\BookStore.Api.csproj", "{4F7FD815-E605-480E-9AD7-2D9D5A486514}"
EndProject
Global
	GlobalSection(SolutionConfigurationPlatforms) = preSolution
		Debug|Any CPU = Debug|Any CPU
		Release|Any CPU = Release|Any CPU
	EndGlobalSection
	GlobalSection(ProjectConfigurationPlatforms) = postSolution
		{B8662C7E-872A-4913-8CF9-F357CD9F7446}.Debug|Any CPU.ActiveCfg = Debug|Any CPU
		{B8662C7E-872A-4913-8CF9-F357CD9F7446}.Debug|Any CPU.Build.0 = Debug|Any CPU
		{B8662C7E-872A-4913-8CF9-F357CD9F7446}.Release|Any CPU.ActiveCfg = Release|Any CPU
		{B8662C7E-872A-4913-8CF9-F357CD9F7446}.Release|Any CPU.Build.0 = Release|Any CPU
		{D7A307DB-6A46-4BDC-9BF3-56B49E4F9B64}.Debug|Any CPU.ActiveCfg = Debug|Any CPU
		{D7A307DB-6A46-4BDC-9BF3-56B49E4F9B64}.Debug|Any CPU.Build.0 = Debug|Any CPU
		{D7A307DB-6A46-4BDC-9BF3-56B49E4F9B64}.Release|Any CPU.ActiveCfg = Release|Any CPU
		{D7A307DB-6A46-4BDC-9BF3-56B49E4F9B64}.Release|Any CPU.Build.0 = Release|Any CPU
		{622AEF4D-24A9-431D-9EAE-BDA1F63FEB72}.Debug|Any CPU.ActiveCfg = Debug|Any CPU
		{622AEF4D-24A9-431D-9EAE-BDA1F63FEB72}.Debug|Any CPU.Build.0 = Debug|Any CPU
		{622AEF4D-24A9-431D-9EAE-BDA1F63FEB72}.Release|Any CPU.ActiveCfg = Release|Any CPU
		{622AEF4D-24A9-431D-9EAE-BDA1F63FEB72}.Release|Any CPU.Build.0 = Release|Any CPU
		{4F7FD815-E605-480E-9AD7-2D9D5A486514}.Debug|Any CPU.ActiveCfg = Debug|Any CPU
		{4F7FD815-E605-480E-9AD7-2D9D5A486514}.Debug|Any CPU.Build.0 = Debug|Any CPU
		{4F7FD815-E605-480E-9AD7-2D9D5A486514}.Release|Any CPU.ActiveCfg = Release|Any CPU
		{4F7FD815-E605-480E-9AD7-2D9D5A486514}.Release|Any CPU.Build.0 = Release|Any CPU
	EndGlobalSection
EndGlobal
